
Microsoft Visual Studio Solution File, Format Version 12.00
# Visual Studio Version 17
VisualStudioVersion = 17.13.35825.156 d17.13
MinimumVisualStudioVersion = 10.0.40219.1
Project("{FAE04EC0-301F-11D3-BF4B-00C04F79EFBC}") = "TestTaskAlgimed", "TestTaskAlgimed\TestTaskAlgimed.csproj", "{E79A43A7-4875-4640-82D9-18A94F42EBB2}"
EndProject
Global
	GlobalSection(SolutionConfigurationPlatforms) = preSolution
		Debug|Any CPU = Debug|Any CPU
		Release|Any CPU = Release|Any CPU
	EndGlobalSection
	GlobalSection(ProjectConfigurationPlatforms) = postSolution
		{E79A43A7-4875-4640-82D9-18A94F42EBB2}.Debug|Any CPU.ActiveCfg = Debug|Any CPU
		{E79A43A7-4875-4640-82D9-18A94F42EBB2}.Debug|Any CPU.Build.0 = Debug|Any CPU
		{E79A43A7-4875-4640-82D9-18A94F42EBB2}.Release|Any CPU.ActiveCfg = Release|Any CPU
		{E79A43A7-4875-4640-82D9-18A94F42EBB2}.Release|Any CPU.Build.0 = Release|Any CPU
	EndGlobalSection
	GlobalSection(SolutionProperties) = preSolution
		HideSolutionNode = FALSE
	EndGlobalSection
	GlobalSection(ExtensibilityGlobals) = postSolution
		SolutionGuid = {8E0B3EF1-2B0C-4FEA-80F7-582CCBD9B915}
	EndGlobalSection
EndGlobal
